
Microsoft Visual Studio Solution File, Format Version 12.00
# Visual Studio Version 17
VisualStudioVersion = 17.7.34202.233
MinimumVisualStudioVersion = 10.0.40219.1
Project("{FAE04EC0-301F-11D3-BF4B-00C04F79EFBC}") = "WebApplication1", "WebApplication1\WebApplication1.csproj", "{759170B0-38FB-4703-9CC6-71465A5C6C9E}"
EndProject
Global
	GlobalSection(SolutionConfigurationPlatforms) = preSolution
		Debug|Any CPU = Debug|Any CPU
		Release|Any CPU = Release|Any CPU
	EndGlobalSection
	GlobalSection(ProjectConfigurationPlatforms) = postSolution
		{759170B0-38FB-4703-9CC6-71465A5C6C9E}.Debug|Any CPU.ActiveCfg = Debug|Any CPU
		{759170B0-38FB-4703-9CC6-71465A5C6C9E}.Debug|Any CPU.Build.0 = Debug|Any CPU
		{759170B0-38FB-4703-9CC6-71465A5C6C9E}.Release|Any CPU.ActiveCfg = Release|Any CPU
		{759170B0-38FB-4703-9CC6-71465A5C6C9E}.Release|Any CPU.Build.0 = Release|Any CPU
	EndGlobalSection
	GlobalSection(SolutionProperties) = preSolution
		HideSolutionNode = FALSE
	EndGlobalSection
	GlobalSection(ExtensibilityGlobals) = postSolution
		SolutionGuid = {D9466EBE-CDA8-42E3-9973-07368BD5878B}
	EndGlobalSection
EndGlobal
