
Microsoft Visual Studio Solution File, Format Version 12.00
# Visual Studio Version 16
VisualStudioVersion = 16.0.32002.261
MinimumVisualStudioVersion = 10.0.40219.1
Project("{FAE04EC0-301F-11D3-BF4B-00C04F79EFBC}") = "email", "email\email.csproj", "{10E73C6E-41DE-4FAC-9226-F8467D52CCE1}"
EndProject
Global
	GlobalSection(SolutionConfigurationPlatforms) = preSolution
		Debug|Any CPU = Debug|Any CPU
		Release|Any CPU = Release|Any CPU
	EndGlobalSection
	GlobalSection(ProjectConfigurationPlatforms) = postSolution
		{10E73C6E-41DE-4FAC-9226-F8467D52CCE1}.Debug|Any CPU.ActiveCfg = Debug|Any CPU
		{10E73C6E-41DE-4FAC-9226-F8467D52CCE1}.Debug|Any CPU.Build.0 = Debug|Any CPU
		{10E73C6E-41DE-4FAC-9226-F8467D52CCE1}.Release|Any CPU.ActiveCfg = Release|Any CPU
		{10E73C6E-41DE-4FAC-9226-F8467D52CCE1}.Release|Any CPU.Build.0 = Release|Any CPU
	EndGlobalSection
	GlobalSection(SolutionProperties) = preSolution
		HideSolutionNode = FALSE
	EndGlobalSection
	GlobalSection(ExtensibilityGlobals) = postSolution
		SolutionGuid = {B1D04878-4560-49D5-8543-3EF5B9EB1383}
	EndGlobalSection
EndGlobal
