
Microsoft Visual Studio Solution File, Format Version 12.00
# Visual Studio Version 17
VisualStudioVersion = 17.7.34202.233
MinimumVisualStudioVersion = 10.0.40219.1
Project("{FAE04EC0-301F-11D3-BF4B-00C04F79EFBC}") = "sessionAuthentication", "sessionAuthentication\sessionAuthentication.csproj", "{5B72FA5B-624A-4B1F-BD02-25E1B20A5893}"
EndProject
Global
	GlobalSection(SolutionConfigurationPlatforms) = preSolution
		Debug|Any CPU = Debug|Any CPU
		Release|Any CPU = Release|Any CPU
	EndGlobalSection
	GlobalSection(ProjectConfigurationPlatforms) = postSolution
		{5B72FA5B-624A-4B1F-BD02-25E1B20A5893}.Debug|Any CPU.ActiveCfg = Debug|Any CPU
		{5B72FA5B-624A-4B1F-BD02-25E1B20A5893}.Debug|Any CPU.Build.0 = Debug|Any CPU
		{5B72FA5B-624A-4B1F-BD02-25E1B20A5893}.Release|Any CPU.ActiveCfg = Release|Any CPU
		{5B72FA5B-624A-4B1F-BD02-25E1B20A5893}.Release|Any CPU.Build.0 = Release|Any CPU
	EndGlobalSection
	GlobalSection(SolutionProperties) = preSolution
		HideSolutionNode = FALSE
	EndGlobalSection
	GlobalSection(ExtensibilityGlobals) = postSolution
		SolutionGuid = {3A3CD3B0-D97C-477B-8366-27D31E4CA5C7}
	EndGlobalSection
EndGlobal
